# This file is automatically @generated by Cargo.
# It is not intended for manual editing.
version = 4

[[package]]
name = "ginger-core"
version = "0.0.1"

[[package]]
name = "ginger-sc"
version = "0.0.1"

[[package]]
name = "lemon-ginger"
version = "0.0.1"
dependencies = [
 "ginger-core",
 "ginger-sc",
]
